# THIS IS AN AUTOGENERATED FILE. DO NOT EDIT THIS FILE DIRECTLY.
# yarn lockfile v1


ip@^1.1.5:
  version "1.1.5"
  resolved "https://registry.yarnpkg.com/ip/-/ip-1.1.5.tgz#bdded70114290828c0a039e72ef25f5aaec4354a"
  integrity sha1-vd7XARQpCCjAoDnnLvJfWq7ENUo=

kafkajs@^1.14.0:
  version "1.14.0"
  resolved "https://registry.yarnpkg.com/kafkajs/-/kafkajs-1.14.0.tgz#3d998a77bfde54dc502e8e88690eedf0b21a1ed6"
  integrity sha512-W+WCekiooY5rJP3Me5N3gWcQ8O6uG6lw0vv9t+sI+WqXKjKwj2+CWIXJy241x+ITE+1M1D19ABSiL2J8lKja5A==

prettier@^2.1.2:
  version "2.1.2"
  resolved "https://registry.yarnpkg.com/prettier/-/prettier-2.1.2.tgz#3050700dae2e4c8b67c4c3f666cdb8af405e1ce5"
  integrity sha512-16c7K+x4qVlJg9rEbXl7HEGmQyZlG4R9AgP+oHKRMsMsuk8s+ATStlf1NpDqyBI1HpVyfjLOeMhH2LvuNvV5Vg==
